
Microsoft Visual Studio Solution File, Format Version 12.00
# Visual Studio 15
VisualStudioVersion = 15.0.28307.572
MinimumVisualStudioVersion = 10.0.40219.1
Project("{FAE04EC0-301F-11D3-BF4B-00C04F79EFBC}") = "68KEmulator", "68KEmulator\68KEmulator.csproj", "{294802C2-8937-46EB-AE90-33E9E757152C}"
EndProject
Global
	GlobalSection(SolutionConfigurationPlatforms) = preSolution
		Debug|Any CPU = Debug|Any CPU
		Release|Any CPU = Release|Any CPU
	EndGlobalSection
	GlobalSection(ProjectConfigurationPlatforms) = postSolution
		{294802C2-8937-46EB-AE90-33E9E757152C}.Debug|Any CPU.ActiveCfg = Debug|Any CPU
		{294802C2-8937-46EB-AE90-33E9E757152C}.Debug|Any CPU.Build.0 = Debug|Any CPU
		{294802C2-8937-46EB-AE90-33E9E757152C}.Release|Any CPU.ActiveCfg = Release|Any CPU
		{294802C2-8937-46EB-AE90-33E9E757152C}.Release|Any CPU.Build.0 = Release|Any CPU
	EndGlobalSection
	GlobalSection(SolutionProperties) = preSolution
		HideSolutionNode = FALSE
	EndGlobalSection
	GlobalSection(ExtensibilityGlobals) = postSolution
		SolutionGuid = {7E4212B3-AA43-4A3B-BB76-4981D02976CB}
	EndGlobalSection
EndGlobal
